// !$*UTF8*$!
{
	archiveVersion = 1;
	classes = {
	};
	objectVersion = 56;
	objects = {

/* Begin PBXBuildFile section */
		1F31F0A92A58CD39000E5AD9 /* Navigation.swift in Sources */ = {isa = PBXBuildFile; fileRef = 1F31F0A82A58CD39000E5AD9 /* Navigation.swift */; };
		1F31F0AB2A58CF71000E5AD9 /* SwiftUIView.swift in Sources */ = {isa = PBXBuildFile; fileRef = 1F31F0AA2A58CF71000E5AD9 /* SwiftUIView.swift */; };
		1F31F0AD2A58D04A000E5AD9 /* RoundPic.swift in Sources */ = {isa = PBXBuildFile; fileRef = 1F31F0AC2A58D04A000E5AD9 /* RoundPic.swift */; };
		1F5E3A4C2A4E3E63009667E8 /* TESTINGApp.swift in Sources */ = {isa = PBXBuildFile; fileRef = 1F5E3A4B2A4E3E63009667E8 /* TESTINGApp.swift */; };
		1F5E3A4E2A4E3E63009667E8 /* ContentView.swift in Sources */ = {isa = PBXBuildFile; fileRef = 1F5E3A4D2A4E3E63009667E8 /* ContentView.swift */; };
		1F5E3A502A4E3E64009667E8 /* Assets.xcassets in Resources */ = {isa = PBXBuildFile; fileRef = 1F5E3A4F2A4E3E64009667E8 /* Assets.xcassets */; };
		1F5E3A532A4E3E64009667E8 /* Preview Assets.xcassets in Resources */ = {isa = PBXBuildFile; fileRef = 1F5E3A522A4E3E64009667E8 /* Preview Assets.xcassets */; };
/* End PBXBuildFile section */

/* Begin PBXFileReference section */
		1F31F0A82A58CD39000E5AD9 /* Navigation.swift */ = {isa = PBXFileReference; fileEncoding = 4; lastKnownFileType = sourcecode.swift; path = Navigation.swift; sourceTree = "<group>"; };
		1F31F0AA2A58CF71000E5AD9 /* SwiftUIView.swift */ = {isa = PBXFileReference; lastKnownFileType = sourcecode.swift; path = SwiftUIView.swift; sourceTree = "<group>"; };
		1F31F0AC2A58D04A000E5AD9 /* RoundPic.swift */ = {isa = PBXFileReference; lastKnownFileType = sourcecode.swift; path = RoundPic.swift; sourceTree = "<group>"; };
		1F5E3A482A4E3E63009667E8 /* TESTING.app */ = {isa = PBXFileReference; explicitFileType = wrapper.application; includeInIndex = 0; path = TESTING.app; sourceTree = BUILT_PRODUCTS_DIR; };
		1F5E3A4B2A4E3E63009667E8 /* TESTINGApp.swift */ = {isa = PBXFileReference; lastKnownFileType = sourcecode.swift; path = TESTINGApp.swift; sourceTree = "<group>"; };
		1F5E3A4D2A4E3E63009667E8 /* ContentView.swift */ = {isa = PBXFileReference; lastKnownFileType = sourcecode.swift; path = ContentView.swift; sourceTree = "<group>"; };
		1F5E3A4F2A4E3E64009667E8 /* Assets.xcassets */ = {isa = PBXFileReference; lastKnownFileType = folder.assetcatalog; path = Assets.xcassets; sourceTree = "<group>"; };
		1F5E3A522A4E3E64009667E8 /* Preview Assets.xcassets */ = {isa = PBXFileReference; lastKnownFileType = folder.assetcatalog; path = "Preview Assets.xcassets"; sourceTree = "<group>"; };
/* End PBXFileReference section */

/* Begin PBXFrameworksBuildPhase section */
		1F5E3A452A4E3E63009667E8 /* Frameworks */ = {
			isa = PBXFrameworksBuildPhase;
			buildActionMask = 2147483647;
			files = (
			);
			runOnlyForDeploymentPostprocessing = 0;
		};
/* End PBXFrameworksBuildPhase section */

/* Begin PBXGroup section */
		1F5E3A3F2A4E3E63009667E8 = {
			isa = PBXGroup;
			children = (
				1F5E3A4A2A4E3E63009667E8 /* TESTING */,
				1F5E3A492A4E3E63009667E8 /* Products */,
			);
			sourceTree = "<group>";
		};
		1F5E3A492A4E3E63009667E8 /* Products */ = {
			isa = PBXGroup;
			children = (
				1F5E3A482A4E3E63009667E8 /* TESTING.app */,
			);
			name = Products;
			sourceTree = "<group>";
		};
		1F5E3A4A2A4E3E63009667E8 /* TESTING */ = {
			isa = PBXGroup;
			children = (
				1F5E3A4B2A4E3E63009667E8 /* TESTINGApp.swift */,
				1F5E3A4D2A4E3E63009667E8 /* ContentView.swift */,
				1F31F0A82A58CD39000E5AD9 /* Navigation.swift */,
				1F5E3A4F2A4E3E64009667E8 /* Assets.xcassets */,
				1F5E3A512A4E3E64009667E8 /* Preview Content */,
				1F31F0AA2A58CF71000E5AD9 /* SwiftUIView.swift */,
				1F31F0AC2A58D04A000E5AD9 /* RoundPic.swift */,
			);
			path = TESTING;
			sourceTree = "<group>";
		};
		1F5E3A512A4E3E64009667E8 /* Preview Content */ = {
			isa = PBXGroup;
			children = (
				1F5E3A522A4E3E64009667E8 /* Preview Assets.xcassets */,
			);
			path = "Preview Content";
			sourceTree = "<group>";
		};
/* End PBXGroup section */

/* Begin PBXNativeTarget section */
		1F5E3A472A4E3E63009667E8 /* TESTING */ = {
			isa = PBXNativeTarget;
			buildConfigurationList = 1F5E3A562A4E3E64009667E8 /* Build configuration list for PBXNativeTarget "TESTING" */;
			buildPhases = (
				1F5E3A442A4E3E63009667E8 /* Sources */,
				1F5E3A452A4E3E63009667E8 /* Frameworks */,
				1F5E3A462A4E3E63009667E8 /* Resources */,
			);
			buildRules = (
			);
			dependencies = (
			);
			name = TESTING;
			productName = TESTING;
			productReference = 1F5E3A482A4E3E63009667E8 /* TESTING.app */;
			productType = "com.apple.product-type.application";
		};
/* End PBXNativeTarget section */

/* Begin PBXProject section */
		1F5E3A402A4E3E63009667E8 /* Project object */ = {
			isa = PBXProject;
			attributes = {
				BuildIndependentTargetsInParallel = 1;
				LastSwiftUpdateCheck = 1430;
				LastUpgradeCheck = 1430;
				TargetAttributes = {
					1F5E3A472A4E3E63009667E8 = {
						CreatedOnToolsVersion = 14.3.1;
					};
				};
			};
			buildConfigurationList = 1F5E3A432A4E3E63009667E8 /* Build configuration list for PBXProject "TESTING" */;
			compatibilityVersion = "Xcode 14.0";
			developmentRegion = en;
			hasScannedForEncodings = 0;
			knownRegions = (
				en,
				Base,
			);
			mainGroup = 1F5E3A3F2A4E3E63009667E8;
			productRefGroup = 1F5E3A492A4E3E63009667E8 /* Products */;
			projectDirPath = "";
			projectRoot = "";
			targets = (
				1F5E3A472A4E3E63009667E8 /* TESTING */,
			);
		};
/* End PBXProject section */

/* Begin PBXResourcesBuildPhase section */
		1F5E3A462A4E3E63009667E8 /* Resources */ = {
			isa = PBXResourcesBuildPhase;
			buildActionMask = 2147483647;
			files = (
				1F5E3A532A4E3E64009667E8 /* Preview Assets.xcassets in Resources */,
				1F5E3A502A4E3E64009667E8 /* Assets.xcassets in Resources */,
			);
			runOnlyForDeploymentPostprocessing = 0;
		};
/* End PBXResourcesBuildPhase section */

/* Begin PBXSourcesBuildPhase section */
		1F5E3A442A4E3E63009667E8 /* Sources */ = {
			isa = PBXSourcesBuildPhase;
			buildActionMask = 2147483647;
			files = (
				1F31F0AD2A58D04A000E5AD9 /* RoundPic.swift in Sources */,
				1F31F0A92A58CD39000E5AD9 /* Navigation.swift in Sources */,
				1F5E3A4E2A4E3E63009667E8 /* ContentView.swift in Sources */,
				1F31F0AB2A58CF71000E5AD9 /* SwiftUIView.swift in Sources */,
				1F5E3A4C2A4E3E63009667E8 /* TESTINGApp.swift in Sources */,
			);
			runOnlyForDeploymentPostprocessing = 0;
		};
/* End PBXSourcesBuildPhase section */

/* Begin XCBuildConfiguration section */
		1F5E3A542A4E3E64009667E8 /* Debug */ = {
			isa = XCBuildConfiguration;
			buildSettings = {
				ALWAYS_SEARCH_USER_PATHS = NO;
				CLANG_ANALYZER_NONNULL = YES;
				CLANG_ANALYZER_NUMBER_OBJECT_CONVERSION = YES_AGGRESSIVE;
				CLANG_CXX_LANGUAGE_STANDARD = "gnu++20";
				CLANG_ENABLE_MODULES = YES;
				CLANG_ENABLE_OBJC_ARC = YES;
				CLANG_ENABLE_OBJC_WEAK = YES;
				CLANG_WARN_BLOCK_CAPTURE_AUTORELEASING = YES;
				CLANG_WARN_BOOL_CONVERSION = YES;
				CLANG_WARN_COMMA = YES;
				CLANG_WARN_CONSTANT_CONVERSION = YES;
				CLANG_WARN_DEPRECATED_OBJC_IMPLEMENTATIONS = YES;
				CLANG_WARN_DIRECT_OBJC_ISA_USAGE = YES_ERROR;
				CLANG_WARN_DOCUMENTATION_COMMENTS = YES;
				CLANG_WARN_EMPTY_BODY = YES;
				CLANG_WARN_ENUM_CONVERSION = YES;
				CLANG_WARN_INFINITE_RECURSION = YES;
				CLANG_WARN_INT_CONVERSION = YES;
				CLANG_WARN_NON_LITERAL_NULL_CONVERSION = YES;
				CLANG_WARN_OBJC_IMPLICIT_RETAIN_SELF = YES;
				CLANG_WARN_OBJC_LITERAL_CONVERSION = YES;
				CLANG_WARN_OBJC_ROOT_CLASS = YES_ERROR;
				CLANG_WARN_QUOTED_INCLUDE_IN_FRAMEWORK_HEADER = YES;
				CLANG_WARN_RANGE_LOOP_ANALYSIS = YES;
				CLANG_WARN_STRICT_PROTOTYPES = YES;
				CLANG_WARN_SUSPICIOUS_MOVE = YES;
				CLANG_WARN_UNGUARDED_AVAILABILITY = YES_AGGRESSIVE;
				CLANG_WARN_UNREACHABLE_CODE = YES;
				CLANG_WARN__DUPLICATE_METHOD_MATCH = YES;
				COPY_PHASE_STRIP = NO;
				DEBUG_INFORMATION_FORMAT = dwarf;
				ENABLE_STRICT_OBJC_MSGSEND = YES;
				ENABLE_TESTABILITY = YES;
				GCC_C_LANGUAGE_STANDARD = gnu11;
				GCC_DYNAMIC_NO_PIC = NO;
				GCC_NO_COMMON_BLOCKS = YES;
				GCC_OPTIMIZATION_LEVEL = 0;
				GCC_PREPROCESSOR_DEFINITIONS = (
					"DEBUG=1",
					"$(inherited)",
				);
				GCC_WARN_64_TO_32_BIT_CONVERSION = YES;
				GCC_WARN_ABOUT_RETURN_TYPE = YES_ERROR;
				GCC_WARN_UNDECLARED_SELECTOR = YES;
				GCC_WARN_UNINITIALIZED_AUTOS = YES_AGGRESSIVE;
				GCC_WARN_UNUSED_FUNCTION = YES;
				GCC_WARN_UNUSED_VARIABLE = YES;
				IPHONEOS_DEPLOYMENT_TARGET = 16.4;
				MTL_ENABLE_DEBUG_INFO = INCLUDE_SOURCE;
				MTL_FAST_MATH = YES;
				ONLY_ACTIVE_ARCH = YES;
				SDKROOT = iphoneos;
				SWIFT_ACTIVE_COMPILATION_CONDITIONS = DEBUG;
				SWIFT_OPTIMIZATION_LEVEL = "-Onone";
			};
			name = Debug;
		};
		1F5E3A552A4E3E64009667E8 /* Release */ = {
			isa = XCBuildConfiguration;
			buildSettings = {
				ALWAYS_SEARCH_USER_PATHS = NO;
				CLANG_ANALYZER_NONNULL = YES;
				CLANG_ANALYZER_NUMBER_OBJECT_CONVERSION = YES_AGGRESSIVE;
				CLANG_CXX_LANGUAGE_STANDARD = "gnu++20";
				CLANG_ENABLE_MODULES = YES;
				CLANG_ENABLE_OBJC_ARC = YES;
				CLANG_ENABLE_OBJC_WEAK = YES;
				CLANG_WARN_BLOCK_CAPTURE_AUTORELEASING = YES;
				CLANG_WARN_BOOL_CONVERSION = YES;
				CLANG_WARN_COMMA = YES;
				CLANG_WARN_CONSTANT_CONVERSION = YES;
				CLANG_WARN_DEPRECATED_OBJC_IMPLEMENTATIONS = YES;
				CLANG_WARN_DIRECT_OBJC_ISA_USAGE = YES_ERROR;
				CLANG_WARN_DOCUMENTATION_COMMENTS = YES;
				CLANG_WARN_EMPTY_BODY = YES;
				CLANG_WARN_ENUM_CONVERSION = YES;
				CLANG_WARN_INFINITE_RECURSION = YES;
				CLANG_WARN_INT_CONVERSION = YES;
				CLANG_WARN_NON_LITERAL_NULL_CONVERSION = YES;
				CLANG_WARN_OBJC_IMPLICIT_RETAIN_SELF = YES;
				CLANG_WARN_OBJC_LITERAL_CONVERSION = YES;
				CLANG_WARN_OBJC_ROOT_CLASS = YES_ERROR;
				CLANG_WARN_QUOTED_INCLUDE_IN_FRAMEWORK_HEADER = YES;
				CLANG_WARN_RANGE_LOOP_ANALYSIS = YES;
				CLANG_WARN_STRICT_PROTOTYPES = YES;
				CLANG_WARN_SUSPICIOUS_MOVE = YES;
				CLANG_WARN_UNGUARDED_AVAILABILITY = YES_AGGRESSIVE;
				CLANG_WARN_UNREACHABLE_CODE = YES;
				CLANG_WARN__DUPLICATE_METHOD_MATCH = YES;
				COPY_PHASE_STRIP = NO;
				DEBUG_INFORMATION_FORMAT = "dwarf-with-dsym";
				ENABLE_NS_ASSERTIONS = NO;
				ENABLE_STRICT_OBJC_MSGSEND = YES;
				GCC_C_LANGUAGE_STANDARD = gnu11;
				GCC_NO_COMMON_BLOCKS = YES;
				GCC_WARN_64_TO_32_BIT_CONVERSION = YES;
				GCC_WARN_ABOUT_RETURN_TYPE = YES_ERROR;
				GCC_WARN_UNDECLARED_SELECTOR = YES;
				GCC_WARN_UNINITIALIZED_AUTOS = YES_AGGRESSIVE;
				GCC_WARN_UNUSED_FUNCTION = YES;
				GCC_WARN_UNUSED_VARIABLE = YES;
				IPHONEOS_DEPLOYMENT_TARGET = 16.4;
				MTL_ENABLE_DEBUG_INFO = NO;
				MTL_FAST_MATH = YES;
				SDKROOT = iphoneos;
				SWIFT_COMPILATION_MODE = wholemodule;
				SWIFT_OPTIMIZATION_LEVEL = "-O";
				VALIDATE_PRODUCT = YES;
			};
			name = Release;
		};
		1F5E3A572A4E3E64009667E8 /* Debug */ = {
			isa = XCBuildConfiguration;
			buildSettings = {
				ASSETCATALOG_COMPILER_APPICON_NAME = AppIcon;
				ASSETCATALOG_COMPILER_GLOBAL_ACCENT_COLOR_NAME = AccentColor;
				CODE_SIGN_STYLE = Automatic;
				CURRENT_PROJECT_VERSION = 1;
				DEVELOPMENT_ASSET_PATHS = "\"TESTING/Preview Content\"";
				DEVELOPMENT_TEAM = WPJ7SR5U7F;
				ENABLE_PREVIEWS = YES;
				GENERATE_INFOPLIST_FILE = YES;
				INFOPLIST_KEY_UIApplicationSceneManifest_Generation = YES;
				INFOPLIST_KEY_UIApplicationSupportsIndirectInputEvents = YES;
				INFOPLIST_KEY_UILaunchScreen_Generation = YES;
				INFOPLIST_KEY_UISupportedInterfaceOrientations_iPad = "UIInterfaceOrientationPortrait UIInterfaceOrientationPortraitUpsideDown UIInterfaceOrientationLandscapeLeft UIInterfaceOrientationLandscapeRight";
				INFOPLIST_KEY_UISupportedInterfaceOrientations_iPhone = "UIInterfaceOrientationPortrait UIInterfaceOrientationLandscapeLeft UIInterfaceOrientationLandscapeRight";
				LD_RUNPATH_SEARCH_PATHS = (
					"$(inherited)",
					"@executable_path/Frameworks",
				);
				MARKETING_VERSION = 1.0;
				PRODUCT_BUNDLE_IDENTIFIER = Navigation.Demo.TESTING;
				PRODUCT_NAME = "$(TARGET_NAME)";
				SWIFT_EMIT_LOC_STRINGS = YES;
				SWIFT_VERSION = 5.0;
				TARGETED_DEVICE_FAMILY = "1,2";
			};
			name = Debug;
		};
		1F5E3A582A4E3E64009667E8 /* Release */ = {
			isa = XCBuildConfiguration;
			buildSettings = {
				ASSETCATALOG_COMPILER_APPICON_NAME = AppIcon;
				ASSETCATALOG_COMPILER_GLOBAL_ACCENT_COLOR_NAME = AccentColor;
				CODE_SIGN_STYLE = Automatic;
				CURRENT_PROJECT_VERSION = 1;
				DEVELOPMENT_ASSET_PATHS = "\"TESTING/Preview Content\"";
				DEVELOPMENT_TEAM = WPJ7SR5U7F;
				ENABLE_PREVIEWS = YES;
				GENERATE_INFOPLIST_FILE = YES;
				INFOPLIST_KEY_UIApplicationSceneManifest_Generation = YES;
				INFOPLIST_KEY_UIApplicationSupportsIndirectInputEvents = YES;
				INFOPLIST_KEY_UILaunchScreen_Generation = YES;
				INFOPLIST_KEY_UISupportedInterfaceOrientations_iPad = "UIInterfaceOrientationPortrait UIInterfaceOrientationPortraitUpsideDown UIInterfaceOrientationLandscapeLeft UIInterfaceOrientationLandscapeRight";
				INFOPLIST_KEY_UISupportedInterfaceOrientations_iPhone = "UIInterfaceOrientationPortrait UIInterfaceOrientationLandscapeLeft UIInterfaceOrientationLandscapeRight";
				LD_RUNPATH_SEARCH_PATHS = (
					"$(inherited)",
					"@executable_path/Frameworks",
				);
				MARKETING_VERSION = 1.0;
				PRODUCT_BUNDLE_IDENTIFIER = Navigation.Demo.TESTING;
				PRODUCT_NAME = "$(TARGET_NAME)";
				SWIFT_EMIT_LOC_STRINGS = YES;
				SWIFT_VERSION = 5.0;
				TARGETED_DEVICE_FAMILY = "1,2";
			};
			name = Release;
		};
/* End XCBuildConfiguration section */

/* Begin XCConfigurationList section */
		1F5E3A432A4E3E63009667E8 /* Build configuration list for PBXProject "TESTING" */ = {
			isa = XCConfigurationList;
			buildConfigurations = (
				1F5E3A542A4E3E64009667E8 /* Debug */,
				1F5E3A552A4E3E64009667E8 /* Release */,
			);
			defaultConfigurationIsVisible = 0;
			defaultConfigurationName = Release;
		};
		1F5E3A562A4E3E64009667E8 /* Build configuration list for PBXNativeTarget "TESTING" */ = {
			isa = XCConfigurationList;
			buildConfigurations = (
				1F5E3A572A4E3E64009667E8 /* Debug */,
				1F5E3A582A4E3E64009667E8 /* Release */,
			);
			defaultConfigurationIsVisible = 0;
			defaultConfigurationName = Release;
		};
/* End XCConfigurationList section */
	};
	rootObject = 1F5E3A402A4E3E63009667E8 /* Project object */;
}
